<?xml version="1.0" encoding="UTF-8"?>
<Scheme LastUpgradeVersion="1600" version="1.3">
 <BuildAction parallelizeBuildables="YES" buildImplicitDependencies="YES"><BuildActionEntries>
  <BuildActionEntry buildForTesting="YES" buildForRunning="YES" buildForProfiling="NO" buildForArchiving="NO" buildForAnalyzing="YES"><BuildableReference BuildableIdentifier="primary" BlueprintIdentifier="A0AC34AA3808751894A3791E" BuildableName="Rundum.app" BlueprintName="Rundum" ReferencedContainer="container:Rundum.xcodeproj"/></BuildActionEntry>
  <BuildActionEntry buildForTesting="YES" buildForRunning="NO" buildForProfiling="NO" buildForArchiving="NO" buildForAnalyzing="NO"><BuildableReference BuildableIdentifier="primary" BlueprintIdentifier="FC0000000000000000000024" BuildableName="RundumUITests.xctest" BlueprintName="RundumUITests" ReferencedContainer="container:Rundum.xcodeproj"/></BuildActionEntry>
 </BuildActionEntries></BuildAction>
 <TestAction buildConfiguration="Debug" selectedDebuggerIdentifier="Xcode.DebuggerFoundation.Debugger.LLDB" selectedLauncherIdentifier="Xcode.IDEFoundation.Launcher.LLDB" shouldUseLaunchSchemeArgsEnv="YES"><Testables><TestableReference skipped="NO"><BuildableReference BuildableIdentifier="primary" BlueprintIdentifier="FC0000000000000000000024" BuildableName="RundumUITests.xctest" BlueprintName="RundumUITests" ReferencedContainer="container:Rundum.xcodeproj"/></TestableReference></Testables></TestAction>
 <LaunchAction buildConfiguration="Debug" selectedDebuggerIdentifier="Xcode.DebuggerFoundation.Debugger.LLDB" selectedLauncherIdentifier="Xcode.IDEFoundation.Launcher.LLDB"><BuildableProductRunnable runnableDebuggingMode="0"><BuildableReference BuildableIdentifier="primary" BlueprintIdentifier="A0AC34AA3808751894A3791E" BuildableName="Rundum.app" BlueprintName="Rundum" ReferencedContainer="container:Rundum.xcodeproj"/></BuildableProductRunnable></LaunchAction>
</Scheme>
